{
  "name": "Text-Editor",
  "version": "1.0.0",
  "lockfileVersion": 2,
  "requires": true,
  "author": "",
  "description": "",
  "keywords": [],
  "license": "ISC",
  "main": "server.js",
  "packages": {},
  "devDependencies": {
    "nodemon": "^2.0.4"
  },
  "scripts": {
    "server": "nodemon server.js --ignore client"
  }
}
